
Microsoft Visual Studio Solution File, Format Version 12.00
# Visual Studio 15
VisualStudioVersion = 15.0.27428.2005
MinimumVisualStudioVersion = 10.0.40219.1
Project("{8BC9CEB8-8B4A-11D0-8D11-00A0C91BC942}") = "NeuralNetwork", "NeuralNetwork\NeuralNetwork.vcxproj", "{796B1022-C27C-45EC-AA9D-651E420B805B}"
EndProject
Project("{8BC9CEB8-8B4A-11D0-8D11-00A0C91BC942}") = "4_NeuralNetwork", "4_NeuralNetwork\4_NeuralNetwork.vcxproj", "{CF5DA800-D6C9-4676-8BCF-55549E676AB5}"
EndProject
Global
	GlobalSection(SolutionConfigurationPlatforms) = preSolution
		Debug|x64 = Debug|x64
		Debug|x86 = Debug|x86
		Release|x64 = Release|x64
		Release|x86 = Release|x86
	EndGlobalSection
	GlobalSection(ProjectConfigurationPlatforms) = postSolution
		{796B1022-C27C-45EC-AA9D-651E420B805B}.Debug|x64.ActiveCfg = Debug|x64
		{796B1022-C27C-45EC-AA9D-651E420B805B}.Debug|x64.Build.0 = Debug|x64
		{796B1022-C27C-45EC-AA9D-651E420B805B}.Debug|x86.ActiveCfg = Debug|Win32
		{796B1022-C27C-45EC-AA9D-651E420B805B}.Debug|x86.Build.0 = Debug|Win32
		{796B1022-C27C-45EC-AA9D-651E420B805B}.Release|x64.ActiveCfg = Release|x64
		{796B1022-C27C-45EC-AA9D-651E420B805B}.Release|x64.Build.0 = Release|x64
		{796B1022-C27C-45EC-AA9D-651E420B805B}.Release|x86.ActiveCfg = Release|Win32
		{796B1022-C27C-45EC-AA9D-651E420B805B}.Release|x86.Build.0 = Release|Win32
		{CF5DA800-D6C9-4676-8BCF-55549E676AB5}.Debug|x64.ActiveCfg = Debug|x64
		{CF5DA800-D6C9-4676-8BCF-55549E676AB5}.Debug|x64.Build.0 = Debug|x64
		{CF5DA800-D6C9-4676-8BCF-55549E676AB5}.Debug|x86.ActiveCfg = Debug|Win32
		{CF5DA800-D6C9-4676-8BCF-55549E676AB5}.Debug|x86.Build.0 = Debug|Win32
		{CF5DA800-D6C9-4676-8BCF-55549E676AB5}.Release|x64.ActiveCfg = Release|x64
		{CF5DA800-D6C9-4676-8BCF-55549E676AB5}.Release|x64.Build.0 = Release|x64
		{CF5DA800-D6C9-4676-8BCF-55549E676AB5}.Release|x86.ActiveCfg = Release|Win32
		{CF5DA800-D6C9-4676-8BCF-55549E676AB5}.Release|x86.Build.0 = Release|Win32
	EndGlobalSection
	GlobalSection(SolutionProperties) = preSolution
		HideSolutionNode = FALSE
	EndGlobalSection
	GlobalSection(ExtensibilityGlobals) = postSolution
		SolutionGuid = {CD4BE792-6FEF-4BD2-BED4-F48F758D9295}
	EndGlobalSection
EndGlobal
