<?xml version="1.0" encoding="utf-8"?>
<Project ToolsVersion="4.0" xmlns="http://schemas.microsoft.com/developer/msbuild/2003">
  <ItemGroup>
    <Filter Include="Source Files">
      <UniqueIdentifier>{4FC737F1-C7A5-4376-A066-2A32D752A2FF}</UniqueIdentifier>
      <Extensions>cpp;c;cc;cxx;def;odl;idl;hpj;bat;asm;asmx</Extensions>
    </Filter>
    <Filter Include="Header Files">
      <UniqueIdentifier>{93995380-89BD-4b04-88EB-625FBE52EBFB}</UniqueIdentifier>
      <Extensions>h;hh;hpp;hxx;hm;inl;inc;ipp;xsd</Extensions>
    </Filter>
    <Filter Include="Resource Files">
      <UniqueIdentifier>{67DA6AB6-F800-4c08-8B7A-83BB121AAD01}</UniqueIdentifier>
      <Extensions>rc;ico;cur;bmp;dlg;rc2;rct;bin;rgs;gif;jpg;jpeg;jpe;resx;tiff;tif;png;wav;mfcribbon-ms</Extensions>
    </Filter>
    <Filter Include="Header Files\learn">
      <UniqueIdentifier>{e7d3e081-3b51-49d7-a20e-084419a02318}</UniqueIdentifier>
    </Filter>
    <Filter Include="Header Files\util">
      <UniqueIdentifier>{c2369fb0-9f29-42e6-9249-73cca6bcbc72}</UniqueIdentifier>
    </Filter>
    <Filter Include="Header Files\som">
      <UniqueIdentifier>{1e0dc6b0-16ff-4478-a7e5-a87354bfe98e}</UniqueIdentifier>
    </Filter>
    <Filter Include="Header Files\validation">
      <UniqueIdentifier>{2477a6c7-95cb-4cb0-9c62-2b75672b3608}</UniqueIdentifier>
    </Filter>
  </ItemGroup>
  <ItemGroup>
    <ClCompile Include="NeuralNetTest.cpp">
      <Filter>Source Files</Filter>
    </ClCompile>
  </ItemGroup>
  <ItemGroup>
    <ClInclude Include="IdentityMatrix.h">
      <Filter>Header Files\util</Filter>
    </ClInclude>
    <ClInclude Include="Matrix.h">
      <Filter>Header Files\util</Filter>
    </ClInclude>
    <ClInclude Include="Vector.h">
      <Filter>Header Files\util</Filter>
    </ClInclude>
    <ClInclude Include="Adaline.h">
      <Filter>Header Files\learn</Filter>
    </ClInclude>
    <ClInclude Include="Backpropagation.h">
      <Filter>Header Files\learn</Filter>
    </ClInclude>
    <ClInclude Include="enum.h">
      <Filter>Header Files\learn</Filter>
    </ClInclude>
    <ClInclude Include="LevenbergMartquardt.h">
      <Filter>Header Files\learn</Filter>
    </ClInclude>
    <ClInclude Include="Perceptron.h">
      <Filter>Header Files\learn</Filter>
    </ClInclude>
    <ClInclude Include="Training.h">
      <Filter>Header Files\learn</Filter>
    </ClInclude>
    <ClInclude Include="HiddenLayer.h">
      <Filter>Header Files</Filter>
    </ClInclude>
    <ClInclude Include="InputLayer.h">
      <Filter>Header Files</Filter>
    </ClInclude>
    <ClInclude Include="Layer.h">
      <Filter>Header Files</Filter>
    </ClInclude>
    <ClInclude Include="NeuralNet.h">
      <Filter>Header Files</Filter>
    </ClInclude>
    <ClInclude Include="NeuralNetTest.h">
      <Filter>Header Files</Filter>
    </ClInclude>
    <ClInclude Include="Neuron.h">
      <Filter>Header Files</Filter>
    </ClInclude>
    <ClInclude Include="OutputLayer.h">
      <Filter>Header Files</Filter>
    </ClInclude>
    <ClInclude Include="Kohonen.h">
      <Filter>Header Files\som</Filter>
    </ClInclude>
    <ClInclude Include="Validation.h">
      <Filter>Header Files\validation</Filter>
    </ClInclude>
  </ItemGroup>
</Project>